
Microsoft Visual Studio Solution File, Format Version 12.00
# Visual Studio Version 16
VisualStudioVersion = 16.0.30413.136
MinimumVisualStudioVersion = 10.0.40219.1
Project("{FAE04EC0-301F-11D3-BF4B-00C04F79EFBC}") = "ConsoleApp1", "ConsoleApp1\ConsoleApp1.csproj", "{EC51FDD1-0852-4FDD-81AA-5EA09BB934C4}"
EndProject
Global
	GlobalSection(SolutionConfigurationPlatforms) = preSolution
		Debug|Any CPU = Debug|Any CPU
		Release|Any CPU = Release|Any CPU
	EndGlobalSection
	GlobalSection(ProjectConfigurationPlatforms) = postSolution
		{EC51FDD1-0852-4FDD-81AA-5EA09BB934C4}.Debug|Any CPU.ActiveCfg = Debug|Any CPU
		{EC51FDD1-0852-4FDD-81AA-5EA09BB934C4}.Debug|Any CPU.Build.0 = Debug|Any CPU
		{EC51FDD1-0852-4FDD-81AA-5EA09BB934C4}.Release|Any CPU.ActiveCfg = Release|Any CPU
		{EC51FDD1-0852-4FDD-81AA-5EA09BB934C4}.Release|Any CPU.Build.0 = Release|Any CPU
	EndGlobalSection
	GlobalSection(SolutionProperties) = preSolution
		HideSolutionNode = FALSE
	EndGlobalSection
	GlobalSection(ExtensibilityGlobals) = postSolution
		SolutionGuid = {9DAB9889-BEFA-4817-895A-4E993AA1A59A}
	EndGlobalSection
EndGlobal
