
Microsoft Visual Studio Solution File, Format Version 12.00
# Visual Studio Version 16
VisualStudioVersion = 16.0.30523.141
MinimumVisualStudioVersion = 10.0.40219.1
Project("{9A19103F-16F7-4668-BE54-9A1E7A4F7556}") = "BlazorApp1", "BlazorApp1\BlazorApp1.csproj", "{BE46D62F-9278-4F4C-B5DA-D9E52A26A465}"
EndProject
Project("{FAE04EC0-301F-11D3-BF4B-00C04F79EFBC}") = "WebApplication1", "WebApplication1\WebApplication1.csproj", "{6CBDF9DE-6B09-46CB-AF9C-63482DD4C47A}"
EndProject
Project("{FAE04EC0-301F-11D3-BF4B-00C04F79EFBC}") = "ClassLibrary1", "ClassLibrary1\ClassLibrary1.csproj", "{B1EBA5E1-ECF4-401D-99CE-2CE9C0F5E2AE}"
EndProject
Global
	GlobalSection(SolutionConfigurationPlatforms) = preSolution
		Debug|Any CPU = Debug|Any CPU
		Release|Any CPU = Release|Any CPU
	EndGlobalSection
	GlobalSection(ProjectConfigurationPlatforms) = postSolution
		{BE46D62F-9278-4F4C-B5DA-D9E52A26A465}.Debug|Any CPU.ActiveCfg = Debug|Any CPU
		{BE46D62F-9278-4F4C-B5DA-D9E52A26A465}.Debug|Any CPU.Build.0 = Debug|Any CPU
		{BE46D62F-9278-4F4C-B5DA-D9E52A26A465}.Release|Any CPU.ActiveCfg = Release|Any CPU
		{BE46D62F-9278-4F4C-B5DA-D9E52A26A465}.Release|Any CPU.Build.0 = Release|Any CPU
		{6CBDF9DE-6B09-46CB-AF9C-63482DD4C47A}.Debug|Any CPU.ActiveCfg = Debug|Any CPU
		{6CBDF9DE-6B09-46CB-AF9C-63482DD4C47A}.Debug|Any CPU.Build.0 = Debug|Any CPU
		{6CBDF9DE-6B09-46CB-AF9C-63482DD4C47A}.Release|Any CPU.ActiveCfg = Release|Any CPU
		{6CBDF9DE-6B09-46CB-AF9C-63482DD4C47A}.Release|Any CPU.Build.0 = Release|Any CPU
		{B1EBA5E1-ECF4-401D-99CE-2CE9C0F5E2AE}.Debug|Any CPU.ActiveCfg = Debug|Any CPU
		{B1EBA5E1-ECF4-401D-99CE-2CE9C0F5E2AE}.Debug|Any CPU.Build.0 = Debug|Any CPU
		{B1EBA5E1-ECF4-401D-99CE-2CE9C0F5E2AE}.Release|Any CPU.ActiveCfg = Release|Any CPU
		{B1EBA5E1-ECF4-401D-99CE-2CE9C0F5E2AE}.Release|Any CPU.Build.0 = Release|Any CPU
	EndGlobalSection
	GlobalSection(SolutionProperties) = preSolution
		HideSolutionNode = FALSE
	EndGlobalSection
	GlobalSection(ExtensibilityGlobals) = postSolution
		SolutionGuid = {DAEEEBD6-2E9F-4314-A39C-DEDEF8BE285E}
	EndGlobalSection
EndGlobal
